
Microsoft Visual Studio Solution File, Format Version 12.00
# Visual Studio Version 16
VisualStudioVersion = 16.0.29009.5
MinimumVisualStudioVersion = 10.0.40219.1
Project("{FAE04EC0-301F-11D3-BF4B-00C04F79EFBC}") = "CSharpShapeCalculator", "CSharpShapeCalculator.csproj", "{4190A7EB-76F2-4013-B7EA-B2228C8C21C6}"
EndProject
Global
	GlobalSection(SolutionConfigurationPlatforms) = preSolution
		Debug|Any CPU = Debug|Any CPU
		Release|Any CPU = Release|Any CPU
	EndGlobalSection
	GlobalSection(ProjectConfigurationPlatforms) = postSolution
		{4190A7EB-76F2-4013-B7EA-B2228C8C21C6}.Debug|Any CPU.ActiveCfg = Debug|Any CPU
		{4190A7EB-76F2-4013-B7EA-B2228C8C21C6}.Debug|Any CPU.Build.0 = Debug|Any CPU
		{4190A7EB-76F2-4013-B7EA-B2228C8C21C6}.Release|Any CPU.ActiveCfg = Release|Any CPU
		{4190A7EB-76F2-4013-B7EA-B2228C8C21C6}.Release|Any CPU.Build.0 = Release|Any CPU
	EndGlobalSection
	GlobalSection(SolutionProperties) = preSolution
		HideSolutionNode = FALSE
	EndGlobalSection
	GlobalSection(ExtensibilityGlobals) = postSolution
		SolutionGuid = {DBB8CBE0-64E5-424F-ADE4-7C063CA40AF5}
	EndGlobalSection
EndGlobal
